// !$*UTF8*$!
{
	archiveVersion = 1;
	classes = {
	};
	objectVersion = 46;
	objects = {

/* Begin PBXAggregateTarget section */
		E16F43551DF1CA0300D13B90 /* Install */ = {
			isa = PBXAggregateTarget;
			buildConfigurationList = E16F43561DF1CA0400D13B90 /* Build configuration list for PBXAggregateTarget "Install" */;
			buildPhases = (
				E16F435A1DF1CA1C00D13B90 /* CopyFiles */,
			);
			dependencies = (
				E16F43591DF1CA0D00D13B90 /* PBXTargetDependency */,
			);
			name = Install;
			productName = Install;
		};
		E16F435C1DF1CA7300D13B90 /* Everything */ = {
			isa = PBXAggregateTarget;
			buildConfigurationList = E16F435D1DF1CA7300D13B90 /* Build configuration list for PBXAggregateTarget "Everything" */;
			buildPhases = (
			);
			dependencies = (
				E16F43601DF1CA7D00D13B90 /* PBXTargetDependency */,
			);
			name = Everything;
			productName = Everything;
		};
/* End PBXAggregateTarget section */

/* Begin PBXBuildFile section */
		E16F435B1DF1CA2400D13B90 /* EyeTribe.bundle in CopyFiles */ = {isa = PBXBuildFile; fileRef = E16F43471DF1C67C00D13B90 /* EyeTribe.bundle */; };
		E16F43621DF1CAF300D13B90 /* EyeTribePlugin.cpp in Sources */ = {isa = PBXBuildFile; fileRef = E16F43611DF1CAF300D13B90 /* EyeTribePlugin.cpp */; };
		E16F43651DF1CCA600D13B90 /* MWorksCore.framework in Frameworks */ = {isa = PBXBuildFile; fileRef = E16F43641DF1CCA600D13B90 /* MWorksCore.framework */; };
		E16F43671DF1CCE400D13B90 /* libboost_system.a in Frameworks */ = {isa = PBXBuildFile; fileRef = E16F43661DF1CCE400D13B90 /* libboost_system.a */; };
		E16F43741DF1CF1600D13B90 /* gazeapi.cpp in Sources */ = {isa = PBXBuildFile; fileRef = E16F436E1DF1CF1600D13B90 /* gazeapi.cpp */; };
		E16F43751DF1CF1600D13B90 /* gazeapi_parser.cpp in Sources */ = {isa = PBXBuildFile; fileRef = E16F43701DF1CF1600D13B90 /* gazeapi_parser.cpp */; };
		E16F43761DF1CF1600D13B90 /* gazeapi_socket.cpp in Sources */ = {isa = PBXBuildFile; fileRef = E16F43721DF1CF1600D13B90 /* gazeapi_socket.cpp */; settings = {COMPILER_FLAGS = "-Wno-reorder"; }; };
/* End PBXBuildFile section */

/* Begin PBXContainerItemProxy section */
		E16F43581DF1CA0D00D13B90 /* PBXContainerItemProxy */ = {
			isa = PBXContainerItemProxy;
			containerPortal = E16F433F1DF1C67C00D13B90 /* Project object */;
			proxyType = 1;
			remoteGlobalIDString = E16F43461DF1C67C00D13B90;
			remoteInfo = EyeTribe;
		};
		E16F435F1DF1CA7D00D13B90 /* PBXContainerItemProxy */ = {
			isa = PBXContainerItemProxy;
			containerPortal = E16F433F1DF1C67C00D13B90 /* Project object */;
			proxyType = 1;
			remoteGlobalIDString = E16F43551DF1CA0300D13B90;
			remoteInfo = Install;
		};
/* End PBXContainerItemProxy section */

/* Begin PBXCopyFilesBuildPhase section */
		E16F435A1DF1CA1C00D13B90 /* CopyFiles */ = {
			isa = PBXCopyFilesBuildPhase;
			buildActionMask = 2147483647;
			dstPath = "$(MW_PLUGINS_DIR)";
			dstSubfolderSpec = 0;
			files = (
				E16F435B1DF1CA2400D13B90 /* EyeTribe.bundle in CopyFiles */,
			);
			runOnlyForDeploymentPostprocessing = 0;
		};
/* End PBXCopyFilesBuildPhase section */

/* Begin PBXFileReference section */
		E16F43471DF1C67C00D13B90 /* EyeTribe.bundle */ = {isa = PBXFileReference; explicitFileType = wrapper.cfbundle; includeInIndex = 0; path = EyeTribe.bundle; sourceTree = BUILT_PRODUCTS_DIR; };
		E16F434A1DF1C67C00D13B90 /* Info.plist */ = {isa = PBXFileReference; lastKnownFileType = text.plist.xml; path = Info.plist; sourceTree = "<group>"; };
		E16F43511DF1C74200D13B90 /* Development.xcconfig */ = {isa = PBXFileReference; lastKnownFileType = text.xcconfig; path = Development.xcconfig; sourceTree = "<group>"; };
		E16F43521DF1C74200D13B90 /* WARNING.txt */ = {isa = PBXFileReference; lastKnownFileType = text; path = WARNING.txt; sourceTree = "<group>"; };
		E16F43541DF1C9B000D13B90 /* EyeTribe-Prefix.pch */ = {isa = PBXFileReference; lastKnownFileType = sourcecode.c.h; path = "EyeTribe-Prefix.pch"; sourceTree = "<group>"; };
		E16F43611DF1CAF300D13B90 /* EyeTribePlugin.cpp */ = {isa = PBXFileReference; fileEncoding = 4; lastKnownFileType = sourcecode.cpp.cpp; path = EyeTribePlugin.cpp; sourceTree = "<group>"; };
		E16F43641DF1CCA600D13B90 /* MWorksCore.framework */ = {isa = PBXFileReference; lastKnownFileType = wrapper.framework; name = MWorksCore.framework; path = /Library/Frameworks/MWorksCore.framework; sourceTree = "<absolute>"; };
		E16F43661DF1CCE400D13B90 /* libboost_system.a */ = {isa = PBXFileReference; lastKnownFileType = archive.ar; name = libboost_system.a; path = "/Library/Application Support/MWorks/Developer/lib/libboost_system.a"; sourceTree = "<absolute>"; };
		E16F436A1DF1CF1600D13B90 /* gazeapi.h */ = {isa = PBXFileReference; fileEncoding = 4; lastKnownFileType = sourcecode.c.h; path = gazeapi.h; sourceTree = "<group>"; };
		E16F436B1DF1CF1600D13B90 /* gazeapi_interfaces.h */ = {isa = PBXFileReference; fileEncoding = 4; lastKnownFileType = sourcecode.c.h; path = gazeapi_interfaces.h; sourceTree = "<group>"; };
		E16F436C1DF1CF1600D13B90 /* gazeapi_types.h */ = {isa = PBXFileReference; fileEncoding = 4; lastKnownFileType = sourcecode.c.h; path = gazeapi_types.h; sourceTree = "<group>"; };
		E16F436E1DF1CF1600D13B90 /* gazeapi.cpp */ = {isa = PBXFileReference; fileEncoding = 4; lastKnownFileType = sourcecode.cpp.cpp; path = gazeapi.cpp; sourceTree = "<group>"; };
		E16F436F1DF1CF1600D13B90 /* gazeapi_observable.hpp */ = {isa = PBXFileReference; fileEncoding = 4; lastKnownFileType = sourcecode.cpp.h; path = gazeapi_observable.hpp; sourceTree = "<group>"; };
		E16F43701DF1CF1600D13B90 /* gazeapi_parser.cpp */ = {isa = PBXFileReference; fileEncoding = 4; lastKnownFileType = sourcecode.cpp.cpp; path = gazeapi_parser.cpp; sourceTree = "<group>"; };
		E16F43711DF1CF1600D13B90 /* gazeapi_parser.hpp */ = {isa = PBXFileReference; fileEncoding = 4; lastKnownFileType = sourcecode.cpp.h; path = gazeapi_parser.hpp; sourceTree = "<group>"; };
		E16F43721DF1CF1600D13B90 /* gazeapi_socket.cpp */ = {isa = PBXFileReference; fileEncoding = 4; lastKnownFileType = sourcecode.cpp.cpp; path = gazeapi_socket.cpp; sourceTree = "<group>"; };
		E16F43731DF1CF1600D13B90 /* gazeapi_socket.hpp */ = {isa = PBXFileReference; fileEncoding = 4; lastKnownFileType = sourcecode.cpp.h; path = gazeapi_socket.hpp; sourceTree = "<group>"; };
/* End PBXFileReference section */

/* Begin PBXFrameworksBuildPhase section */
		E16F43441DF1C67C00D13B90 /* Frameworks */ = {
			isa = PBXFrameworksBuildPhase;
			buildActionMask = 2147483647;
			files = (
				E16F43651DF1CCA600D13B90 /* MWorksCore.framework in Frameworks */,
				E16F43671DF1CCE400D13B90 /* libboost_system.a in Frameworks */,
			);
			runOnlyForDeploymentPostprocessing = 0;
		};
/* End PBXFrameworksBuildPhase section */

/* Begin PBXGroup section */
		E16F433E1DF1C67C00D13B90 = {
			isa = PBXGroup;
			children = (
				E16F43501DF1C71500D13B90 /* External Config */,
				E16F43681DF1CEE400D13B90 /* tet-cpp-client */,
				E16F43491DF1C67C00D13B90 /* EyeTribe */,
				E16F43631DF1CB8400D13B90 /* Frameworks */,
				E16F43481DF1C67C00D13B90 /* Products */,
			);
			sourceTree = "<group>";
		};
		E16F43481DF1C67C00D13B90 /* Products */ = {
			isa = PBXGroup;
			children = (
				E16F43471DF1C67C00D13B90 /* EyeTribe.bundle */,
			);
			name = Products;
			sourceTree = "<group>";
		};
		E16F43491DF1C67C00D13B90 /* EyeTribe */ = {
			isa = PBXGroup;
			children = (
				E16F43611DF1CAF300D13B90 /* EyeTribePlugin.cpp */,
				E16F43531DF1C98800D13B90 /* Supporting Files */,
			);
			path = EyeTribe;
			sourceTree = "<group>";
		};
		E16F43501DF1C71500D13B90 /* External Config */ = {
			isa = PBXGroup;
			children = (
				E16F43511DF1C74200D13B90 /* Development.xcconfig */,
				E16F43521DF1C74200D13B90 /* WARNING.txt */,
			);
			name = "External Config";
			path = "/Library/Application Support/MWorks/Developer/Xcode";
			sourceTree = "<absolute>";
		};
		E16F43531DF1C98800D13B90 /* Supporting Files */ = {
			isa = PBXGroup;
			children = (
				E16F434A1DF1C67C00D13B90 /* Info.plist */,
				E16F43541DF1C9B000D13B90 /* EyeTribe-Prefix.pch */,
			);
			name = "Supporting Files";
			sourceTree = "<group>";
		};
		E16F43631DF1CB8400D13B90 /* Frameworks */ = {
			isa = PBXGroup;
			children = (
				E16F43641DF1CCA600D13B90 /* MWorksCore.framework */,
				E16F43661DF1CCE400D13B90 /* libboost_system.a */,
			);
			name = Frameworks;
			sourceTree = "<group>";
		};
		E16F43681DF1CEE400D13B90 /* tet-cpp-client */ = {
			isa = PBXGroup;
			children = (
				E16F43691DF1CF1600D13B90 /* include */,
				E16F436D1DF1CF1600D13B90 /* src */,
			);
			path = "tet-cpp-client";
			sourceTree = "<group>";
		};
		E16F43691DF1CF1600D13B90 /* include */ = {
			isa = PBXGroup;
			children = (
				E16F436A1DF1CF1600D13B90 /* gazeapi.h */,
				E16F436B1DF1CF1600D13B90 /* gazeapi_interfaces.h */,
				E16F436C1DF1CF1600D13B90 /* gazeapi_types.h */,
			);
			path = include;
			sourceTree = "<group>";
		};
		E16F436D1DF1CF1600D13B90 /* src */ = {
			isa = PBXGroup;
			children = (
				E16F436E1DF1CF1600D13B90 /* gazeapi.cpp */,
				E16F436F1DF1CF1600D13B90 /* gazeapi_observable.hpp */,
				E16F43711DF1CF1600D13B90 /* gazeapi_parser.hpp */,
				E16F43701DF1CF1600D13B90 /* gazeapi_parser.cpp */,
				E16F43731DF1CF1600D13B90 /* gazeapi_socket.hpp */,
				E16F43721DF1CF1600D13B90 /* gazeapi_socket.cpp */,
			);
			path = src;
			sourceTree = "<group>";
		};
/* End PBXGroup section */

/* Begin PBXNativeTarget section */
		E16F43461DF1C67C00D13B90 /* EyeTribe */ = {
			isa = PBXNativeTarget;
			buildConfigurationList = E16F434D1DF1C67C00D13B90 /* Build configuration list for PBXNativeTarget "EyeTribe" */;
			buildPhases = (
				E16F43431DF1C67C00D13B90 /* Sources */,
				E16F43441DF1C67C00D13B90 /* Frameworks */,
				E16F43451DF1C67C00D13B90 /* Resources */,
			);
			buildRules = (
			);
			dependencies = (
			);
			name = EyeTribe;
			productName = EyeTribe;
			productReference = E16F43471DF1C67C00D13B90 /* EyeTribe.bundle */;
			productType = "com.apple.product-type.bundle";
		};
/* End PBXNativeTarget section */

/* Begin PBXProject section */
		E16F433F1DF1C67C00D13B90 /* Project object */ = {
			isa = PBXProject;
			attributes = {
				LastUpgradeCheck = 0810;
				ORGANIZATIONNAME = "The MWorks Project";
				TargetAttributes = {
					E16F43461DF1C67C00D13B90 = {
						CreatedOnToolsVersion = 8.1;
						ProvisioningStyle = Automatic;
					};
					E16F43551DF1CA0300D13B90 = {
						CreatedOnToolsVersion = 8.1;
						ProvisioningStyle = Automatic;
					};
					E16F435C1DF1CA7300D13B90 = {
						CreatedOnToolsVersion = 8.1;
						ProvisioningStyle = Automatic;
					};
				};
			};
			buildConfigurationList = E16F43421DF1C67C00D13B90 /* Build configuration list for PBXProject "EyeTribe" */;
			compatibilityVersion = "Xcode 3.2";
			developmentRegion = English;
			hasScannedForEncodings = 0;
			knownRegions = (
				en,
			);
			mainGroup = E16F433E1DF1C67C00D13B90;
			productRefGroup = E16F43481DF1C67C00D13B90 /* Products */;
			projectDirPath = "";
			projectRoot = "";
			targets = (
				E16F43461DF1C67C00D13B90 /* EyeTribe */,
				E16F43551DF1CA0300D13B90 /* Install */,
				E16F435C1DF1CA7300D13B90 /* Everything */,
			);
		};
/* End PBXProject section */

/* Begin PBXResourcesBuildPhase section */
		E16F43451DF1C67C00D13B90 /* Resources */ = {
			isa = PBXResourcesBuildPhase;
			buildActionMask = 2147483647;
			files = (
			);
			runOnlyForDeploymentPostprocessing = 0;
		};
/* End PBXResourcesBuildPhase section */

/* Begin PBXSourcesBuildPhase section */
		E16F43431DF1C67C00D13B90 /* Sources */ = {
			isa = PBXSourcesBuildPhase;
			buildActionMask = 2147483647;
			files = (
				E16F43761DF1CF1600D13B90 /* gazeapi_socket.cpp in Sources */,
				E16F43751DF1CF1600D13B90 /* gazeapi_parser.cpp in Sources */,
				E16F43621DF1CAF300D13B90 /* EyeTribePlugin.cpp in Sources */,
				E16F43741DF1CF1600D13B90 /* gazeapi.cpp in Sources */,
			);
			runOnlyForDeploymentPostprocessing = 0;
		};
/* End PBXSourcesBuildPhase section */

/* Begin PBXTargetDependency section */
		E16F43591DF1CA0D00D13B90 /* PBXTargetDependency */ = {
			isa = PBXTargetDependency;
			target = E16F43461DF1C67C00D13B90 /* EyeTribe */;
			targetProxy = E16F43581DF1CA0D00D13B90 /* PBXContainerItemProxy */;
		};
		E16F43601DF1CA7D00D13B90 /* PBXTargetDependency */ = {
			isa = PBXTargetDependency;
			target = E16F43551DF1CA0300D13B90 /* Install */;
			targetProxy = E16F435F1DF1CA7D00D13B90 /* PBXContainerItemProxy */;
		};
/* End PBXTargetDependency section */

/* Begin XCBuildConfiguration section */
		E16F434B1DF1C67C00D13B90 /* Development */ = {
			isa = XCBuildConfiguration;
			baseConfigurationReference = E16F43511DF1C74200D13B90 /* Development.xcconfig */;
			buildSettings = {
				CLANG_ANALYZER_NONNULL = YES;
				CLANG_ENABLE_OBJC_ARC = YES;
				CLANG_WARN_BOOL_CONVERSION = YES;
				CLANG_WARN_CONSTANT_CONVERSION = YES;
				CLANG_WARN_DIRECT_OBJC_ISA_USAGE = YES_ERROR;
				CLANG_WARN_EMPTY_BODY = YES;
				CLANG_WARN_ENUM_CONVERSION = YES;
				CLANG_WARN_INFINITE_RECURSION = YES;
				CLANG_WARN_INT_CONVERSION = YES;
				CLANG_WARN_OBJC_ROOT_CLASS = YES_ERROR;
				CLANG_WARN_SUSPICIOUS_MOVES = YES;
				CLANG_WARN_UNREACHABLE_CODE = YES;
				CLANG_WARN__DUPLICATE_METHOD_MATCH = YES;
				ENABLE_STRICT_OBJC_MSGSEND = YES;
				GCC_DYNAMIC_NO_PIC = NO;
				GCC_NO_COMMON_BLOCKS = YES;
				GCC_WARN_ABOUT_RETURN_TYPE = YES_ERROR;
				GCC_WARN_UNDECLARED_SELECTOR = YES;
				GCC_WARN_UNINITIALIZED_AUTOS = YES_AGGRESSIVE;
				GCC_WARN_UNUSED_FUNCTION = YES;
				MTL_ENABLE_DEBUG_INFO = YES;
			};
			name = Development;
		};
		E16F434E1DF1C67C00D13B90 /* Development */ = {
			isa = XCBuildConfiguration;
			buildSettings = {
				COMBINE_HIDPI_IMAGES = YES;
				GCC_PRECOMPILE_PREFIX_HEADER = YES;
				GCC_PREFIX_HEADER = "EyeTribe/EyeTribe-Prefix.pch";
				HEADER_SEARCH_PATHS = (
					"tet-cpp-client/include",
					"$(inherited)",
				);
				INFOPLIST_FILE = EyeTribe/Info.plist;
				PRODUCT_BUNDLE_IDENTIFIER = "org.mworks-project.EyeTribe";
				PRODUCT_NAME = "$(TARGET_NAME)";
				SKIP_INSTALL = YES;
				WRAPPER_EXTENSION = bundle;
			};
			name = Development;
		};
		E16F43571DF1CA0400D13B90 /* Development */ = {
			isa = XCBuildConfiguration;
			buildSettings = {
				PRODUCT_NAME = "$(TARGET_NAME)";
			};
			name = Development;
		};
		E16F435E1DF1CA7300D13B90 /* Development */ = {
			isa = XCBuildConfiguration;
			buildSettings = {
				PRODUCT_NAME = "$(TARGET_NAME)";
			};
			name = Development;
		};
/* End XCBuildConfiguration section */

/* Begin XCConfigurationList section */
		E16F43421DF1C67C00D13B90 /* Build configuration list for PBXProject "EyeTribe" */ = {
			isa = XCConfigurationList;
			buildConfigurations = (
				E16F434B1DF1C67C00D13B90 /* Development */,
			);
			defaultConfigurationIsVisible = 0;
			defaultConfigurationName = Development;
		};
		E16F434D1DF1C67C00D13B90 /* Build configuration list for PBXNativeTarget "EyeTribe" */ = {
			isa = XCConfigurationList;
			buildConfigurations = (
				E16F434E1DF1C67C00D13B90 /* Development */,
			);
			defaultConfigurationIsVisible = 0;
			defaultConfigurationName = Development;
		};
		E16F43561DF1CA0400D13B90 /* Build configuration list for PBXAggregateTarget "Install" */ = {
			isa = XCConfigurationList;
			buildConfigurations = (
				E16F43571DF1CA0400D13B90 /* Development */,
			);
			defaultConfigurationIsVisible = 0;
		};
		E16F435D1DF1CA7300D13B90 /* Build configuration list for PBXAggregateTarget "Everything" */ = {
			isa = XCConfigurationList;
			buildConfigurations = (
				E16F435E1DF1CA7300D13B90 /* Development */,
			);
			defaultConfigurationIsVisible = 0;
		};
/* End XCConfigurationList section */
	};
	rootObject = E16F433F1DF1C67C00D13B90 /* Project object */;
}
